<?xml version="1.0" encoding="utf-8"?>
<Project ToolsVersion="4.0" xmlns="http://schemas.microsoft.com/developer/msbuild/2003">
  <ItemGroup>
    <Filter Include="ソースファイル">
      <UniqueIdentifier>{4FC737F1-C7A5-4376-A066-2A32D752A2FF}</UniqueIdentifier>
      <Extensions>cpp;c;cc;cxx;def;odl;idl;hpj;bat;asm;asmx</Extensions>
    </Filter>
    <Filter Include="ソースファイル\GameObject">
      <UniqueIdentifier>{393e63b9-78c7-405d-b38f-1e4709cabe70}</UniqueIdentifier>
    </Filter>
    <Filter Include="ソースファイル\GameObject\Effect">
      <UniqueIdentifier>{aa1326df-101d-4cb2-b2b8-b6bab258583c}</UniqueIdentifier>
    </Filter>
    <Filter Include="ソースファイル\GameObject\Enemy">
      <UniqueIdentifier>{9fb41770-2fd6-4ee6-8368-283675c1fddf}</UniqueIdentifier>
    </Filter>
    <Filter Include="ソースファイル\GameObject\Item">
      <UniqueIdentifier>{194a835c-6fe5-429a-abe4-30a267f01de0}</UniqueIdentifier>
    </Filter>
    <Filter Include="ソースファイル\GameObject\Scene">
      <UniqueIdentifier>{fd767cc5-bb42-4714-b62b-e2c9a397ad61}</UniqueIdentifier>
    </Filter>
    <Filter Include="ソースファイル\GameObject\Scene\GameScene">
      <UniqueIdentifier>{e9680a2b-bc70-4a54-92ea-be606737fa80}</UniqueIdentifier>
    </Filter>
    <Filter Include="ソースファイル\GameObject\Scene\GameScene\Title">
      <UniqueIdentifier>{94919dda-301a-456a-8634-461efc2ad849}</UniqueIdentifier>
    </Filter>
    <Filter Include="ソースファイル\GameObject\Scene\GameScene\Game">
      <UniqueIdentifier>{9a07bb7c-bb68-45dc-9a78-76f76839bb32}</UniqueIdentifier>
    </Filter>
    <Filter Include="ソースファイル\GameObject\Scene\GameScene\Result">
      <UniqueIdentifier>{1b53c57a-ecac-40d9-8045-bdf756a5e45f}</UniqueIdentifier>
    </Filter>
    <Filter Include="ソースファイル\GameObject\Scene\GameScene\GameOver">
      <UniqueIdentifier>{5811d07d-b0df-4d23-8277-fec4f5062eda}</UniqueIdentifier>
    </Filter>
    <Filter Include="ソースファイル\GameObject\Scene\GameScene\StageSelect">
      <UniqueIdentifier>{ac56676d-f335-47bd-a92d-1f3e3140352a}</UniqueIdentifier>
    </Filter>
    <Filter Include="ソースファイル\GameObject\Scene\GameScene\Explanation">
      <UniqueIdentifier>{94bdbfc9-4287-493b-a9bb-37b64e73d54b}</UniqueIdentifier>
    </Filter>
    <Filter Include="ソースファイル\GameObject\Ui">
      <UniqueIdentifier>{20298359-d163-4f57-878d-288145847790}</UniqueIdentifier>
    </Filter>
    <Filter Include="ソースファイル\GameObject\Player">
      <UniqueIdentifier>{e13c07c6-9b95-4189-8d05-4d96b3a2d803}</UniqueIdentifier>
    </Filter>
    <Filter Include="ソースファイル\Shader">
      <UniqueIdentifier>{7d1198a4-c05e-40c7-8017-ee785cb44189}</UniqueIdentifier>
    </Filter>
    <Filter Include="ソースファイル\System">
      <UniqueIdentifier>{5dfae46b-ca7f-4549-b3f0-65354fc73a17}</UniqueIdentifier>
    </Filter>
  </ItemGroup>
  <ItemGroup>
    <ClCompile Include="YokoWall.cpp">
      <Filter>ソースファイル\GameObject</Filter>
    </ClCompile>
    <ClCompile Include="YokoBlock.cpp">
      <Filter>ソースファイル\GameObject</Filter>
    </ClCompile>
    <ClCompile Include="CheckPoint.cpp">
      <Filter>ソースファイル\GameObject</Filter>
    </ClCompile>
    <ClCompile Include="ChargeDash.cpp">
      <Filter>ソースファイル\GameObject</Filter>
    </ClCompile>
    <ClCompile Include="Dokan.cpp">
      <Filter>ソースファイル\GameObject</Filter>
    </ClCompile>
    <ClCompile Include="Dirt.cpp">
      <Filter>ソースファイル\GameObject</Filter>
    </ClCompile>
    <ClCompile Include="TransitionStageSelect.cpp">
      <Filter>ソースファイル\GameObject</Filter>
    </ClCompile>
    <ClCompile Include="GoalBoard.cpp">
      <Filter>ソースファイル\GameObject</Filter>
    </ClCompile>
    <ClCompile Include="GoalLineStage1.cpp">
      <Filter>ソースファイル\GameObject</Filter>
    </ClCompile>
    <ClCompile Include="GoalLineStage2.cpp">
      <Filter>ソースファイル\GameObject</Filter>
    </ClCompile>
    <ClCompile Include="JumpDai.cpp">
      <Filter>ソースファイル\GameObject</Filter>
    </ClCompile>
    <ClCompile Include="Sky.cpp">
      <Filter>ソースファイル\GameObject</Filter>
    </ClCompile>
    <ClCompile Include="Stage1Field.cpp">
      <Filter>ソースファイル\GameObject</Filter>
    </ClCompile>
    <ClCompile Include="Stage2Field.cpp">
      <Filter>ソースファイル\GameObject</Filter>
    </ClCompile>
    <ClCompile Include="StartTime.cpp">
      <Filter>ソースファイル\GameObject</Filter>
    </ClCompile>
    <ClCompile Include="TateBlock.cpp">
      <Filter>ソースファイル\GameObject</Filter>
    </ClCompile>
    <ClCompile Include="TateBlockObb.cpp">
      <Filter>ソースファイル\GameObject</Filter>
    </ClCompile>
    <ClCompile Include="TateWall.cpp">
      <Filter>ソースファイル\GameObject</Filter>
    </ClCompile>
    <ClCompile Include="Transition.cpp">
      <Filter>ソースファイル\GameObject</Filter>
    </ClCompile>
    <ClCompile Include="Transitionstage1.cpp">
      <Filter>ソースファイル\GameObject</Filter>
    </ClCompile>
    <ClCompile Include="Transitionstage2.cpp">
      <Filter>ソースファイル\GameObject</Filter>
    </ClCompile>
    <ClCompile Include="DashBoard.cpp">
      <Filter>ソースファイル\GameObject</Filter>
    </ClCompile>
    <ClCompile Include="audio.cpp">
      <Filter>ソースファイル\System</Filter>
    </ClCompile>
    <ClCompile Include="input.cpp">
      <Filter>ソースファイル\System</Filter>
    </ClCompile>
    <ClCompile Include="main.cpp">
      <Filter>ソースファイル\System</Filter>
    </ClCompile>
    <ClCompile Include="manager.cpp">
      <Filter>ソースファイル\System</Filter>
    </ClCompile>
    <ClCompile Include="model.cpp">
      <Filter>ソースファイル\System</Filter>
    </ClCompile>
    <ClCompile Include="SpeedMeterUi.cpp">
      <Filter>ソースファイル\GameObject\Ui</Filter>
    </ClCompile>
    <ClCompile Include="ChageUi.cpp">
      <Filter>ソースファイル\GameObject\Ui</Filter>
    </ClCompile>
    <ClCompile Include="TimeUi.cpp">
      <Filter>ソースファイル\GameObject\Ui</Filter>
    </ClCompile>
    <ClCompile Include="EnemyCountUi.cpp">
      <Filter>ソースファイル\GameObject\Ui</Filter>
    </ClCompile>
    <ClCompile Include="EnemyGoalUi.cpp">
      <Filter>ソースファイル\GameObject\Ui</Filter>
    </ClCompile>
    <ClCompile Include="DashUi.cpp">
      <Filter>ソースファイル\GameObject\Ui</Filter>
    </ClCompile>
    <ClCompile Include="GoalCountUi.cpp">
      <Filter>ソースファイル\GameObject\Ui</Filter>
    </ClCompile>
    <ClCompile Include="MeterUi.cpp">
      <Filter>ソースファイル\GameObject\Ui</Filter>
    </ClCompile>
    <ClCompile Include="GoalUI.cpp">
      <Filter>ソースファイル\GameObject\Ui</Filter>
    </ClCompile>
    <ClCompile Include="ItemFrameUi.cpp">
      <Filter>ソースファイル\GameObject\Ui</Filter>
    </ClCompile>
    <ClCompile Include="ResultUi.cpp">
      <Filter>ソースファイル\GameObject\Ui</Filter>
    </ClCompile>
    <ClCompile Include="ThunderUi.cpp">
      <Filter>ソースファイル\GameObject\Ui</Filter>
    </ClCompile>
    <ClCompile Include="TimeCountUi.cpp">
      <Filter>ソースファイル\GameObject\Ui</Filter>
    </ClCompile>
    <ClCompile Include="SelectUi.cpp">
      <Filter>ソースファイル\GameObject\Ui</Filter>
    </ClCompile>
    <ClCompile Include="SelectUi2.cpp">
      <Filter>ソースファイル\GameObject\Ui</Filter>
    </ClCompile>
    <ClCompile Include="ItemUi.cpp">
      <Filter>ソースファイル\GameObject\Ui</Filter>
    </ClCompile>
    <ClCompile Include="camera.cpp">
      <Filter>ソースファイル\System</Filter>
    </ClCompile>
    <ClCompile Include="renderer.cpp">
      <Filter>ソースファイル\System</Filter>
    </ClCompile>
    <ClCompile Include="Result.cpp">
      <Filter>ソースファイル\GameObject\Scene\GameScene\Result</Filter>
    </ClCompile>
    <ClCompile Include="GameOverCursor.cpp">
      <Filter>ソースファイル\GameObject\Scene\GameScene\GameOver</Filter>
    </ClCompile>
    <ClCompile Include="ResultCursor.cpp">
      <Filter>ソースファイル\GameObject\Scene\GameScene\Result</Filter>
    </ClCompile>
    <ClCompile Include="StageSelct.cpp">
      <Filter>ソースファイル\GameObject\Scene\GameScene\StageSelect</Filter>
    </ClCompile>
    <ClCompile Include="StageSelctBg.cpp">
      <Filter>ソースファイル\GameObject\Scene\GameScene\StageSelect</Filter>
    </ClCompile>
    <ClCompile Include="Title.cpp">
      <Filter>ソースファイル\GameObject\Scene\GameScene\Title</Filter>
    </ClCompile>
    <ClCompile Include="TitleFrame.cpp">
      <Filter>ソースファイル\GameObject\Scene\GameScene\Title</Filter>
    </ClCompile>
    <ClCompile Include="TitleLogo.cpp">
      <Filter>ソースファイル\GameObject\Scene\GameScene\Title</Filter>
    </ClCompile>
    <ClCompile Include="Stage1GameOver.cpp">
      <Filter>ソースファイル\GameObject\Scene\GameScene\GameOver</Filter>
    </ClCompile>
    <ClCompile Include="Stage1GameOverBg.cpp">
      <Filter>ソースファイル\GameObject\Scene\GameScene\GameOver</Filter>
    </ClCompile>
    <ClCompile Include="Stage2GameOver.cpp">
      <Filter>ソースファイル\GameObject\Scene\GameScene\GameOver</Filter>
    </ClCompile>
    <ClCompile Include="Stage2GameOverBg.cpp">
      <Filter>ソースファイル\GameObject\Scene\GameScene\GameOver</Filter>
    </ClCompile>
    <ClCompile Include="Banana.cpp">
      <Filter>ソースファイル\GameObject</Filter>
    </ClCompile>
    <ClCompile Include="ItemStage1.cpp">
      <Filter>ソースファイル\GameObject\Item</Filter>
    </ClCompile>
    <ClCompile Include="Item.cpp">
      <Filter>ソースファイル\GameObject\Item</Filter>
    </ClCompile>
    <ClCompile Include="Koura.cpp">
      <Filter>ソースファイル\GameObject\Item</Filter>
    </ClCompile>
    <ClCompile Include="Thunder.cpp">
      <Filter>ソースファイル\GameObject\Item</Filter>
    </ClCompile>
    <ClCompile Include="Player.cpp">
      <Filter>ソースファイル\GameObject\Player</Filter>
    </ClCompile>
    <ClCompile Include="Stage1.cpp">
      <Filter>ソースファイル\GameObject\Scene\GameScene\Game</Filter>
    </ClCompile>
    <ClCompile Include="Stage2.cpp">
      <Filter>ソースファイル\GameObject\Scene\GameScene\Game</Filter>
    </ClCompile>
    <ClCompile Include="Explanation.cpp">
      <Filter>ソースファイル\GameObject\Scene\GameScene\Explanation</Filter>
    </ClCompile>
    <ClCompile Include="ExplanationBg.cpp">
      <Filter>ソースファイル\GameObject\Scene\GameScene\Explanation</Filter>
    </ClCompile>
    <ClCompile Include="BlockEnemy.cpp">
      <Filter>ソースファイル\GameObject\Enemy</Filter>
    </ClCompile>
    <ClCompile Include="CarEnemy.cpp">
      <Filter>ソースファイル\GameObject\Enemy</Filter>
    </ClCompile>
    <ClCompile Include="Enemy.cpp">
      <Filter>ソースファイル\GameObject\Enemy</Filter>
    </ClCompile>
    <ClCompile Include="FailEnemy.cpp">
      <Filter>ソースファイル\GameObject\Enemy</Filter>
    </ClCompile>
    <ClCompile Include="DashEffect.cpp">
      <Filter>ソースファイル\GameObject\Effect</Filter>
    </ClCompile>
    <ClCompile Include="Explosion.cpp">
      <Filter>ソースファイル\GameObject\Effect</Filter>
    </ClCompile>
    <ClCompile Include="SelectCursor.cpp">
      <Filter>ソースファイル\GameObject\Ui</Filter>
    </ClCompile>
  </ItemGroup>
  <ItemGroup>
    <ClInclude Include="YokoWall.h">
      <Filter>ソースファイル\GameObject</Filter>
    </ClInclude>
    <ClInclude Include="YokoBlock.h">
      <Filter>ソースファイル\GameObject</Filter>
    </ClInclude>
    <ClInclude Include="CheckPoint.h">
      <Filter>ソースファイル\GameObject</Filter>
    </ClInclude>
    <ClInclude Include="ChargeDash.h">
      <Filter>ソースファイル\GameObject</Filter>
    </ClInclude>
    <ClInclude Include="Dokan.h">
      <Filter>ソースファイル\GameObject</Filter>
    </ClInclude>
    <ClInclude Include="DashBoard.h">
      <Filter>ソースファイル\GameObject</Filter>
    </ClInclude>
    <ClInclude Include="Dirt.h">
      <Filter>ソースファイル\GameObject</Filter>
    </ClInclude>
    <ClInclude Include="TransitionStageSelect.h">
      <Filter>ソースファイル\GameObject</Filter>
    </ClInclude>
    <ClInclude Include="GameObject.h">
      <Filter>ソースファイル\GameObject</Filter>
    </ClInclude>
    <ClInclude Include="GoalBoard.h">
      <Filter>ソースファイル\GameObject</Filter>
    </ClInclude>
    <ClInclude Include="GoalLineStage1.h">
      <Filter>ソースファイル\GameObject</Filter>
    </ClInclude>
    <ClInclude Include="GoalLineStage2.h">
      <Filter>ソースファイル\GameObject</Filter>
    </ClInclude>
    <ClInclude Include="JumpDai.h">
      <Filter>ソースファイル\GameObject</Filter>
    </ClInclude>
    <ClInclude Include="Sky.h">
      <Filter>ソースファイル\GameObject</Filter>
    </ClInclude>
    <ClInclude Include="Stage1Field.h">
      <Filter>ソースファイル\GameObject</Filter>
    </ClInclude>
    <ClInclude Include="Stage2Field.h">
      <Filter>ソースファイル\GameObject</Filter>
    </ClInclude>
    <ClInclude Include="StartTime.h">
      <Filter>ソースファイル\GameObject</Filter>
    </ClInclude>
    <ClInclude Include="TateBlock.h">
      <Filter>ソースファイル\GameObject</Filter>
    </ClInclude>
    <ClInclude Include="TateBlockObb.h">
      <Filter>ソースファイル\GameObject</Filter>
    </ClInclude>
    <ClInclude Include="TateWall.h">
      <Filter>ソースファイル\GameObject</Filter>
    </ClInclude>
    <ClInclude Include="Transition.h">
      <Filter>ソースファイル\GameObject</Filter>
    </ClInclude>
    <ClInclude Include="Transitionstage1.h">
      <Filter>ソースファイル\GameObject</Filter>
    </ClInclude>
    <ClInclude Include="Transitionstage2.h">
      <Filter>ソースファイル\GameObject</Filter>
    </ClInclude>
    <ClInclude Include="audio.h">
      <Filter>ソースファイル\System</Filter>
    </ClInclude>
    <ClInclude Include="input.h">
      <Filter>ソースファイル\System</Filter>
    </ClInclude>
    <ClInclude Include="main.h">
      <Filter>ソースファイル\System</Filter>
    </ClInclude>
    <ClInclude Include="manager.h">
      <Filter>ソースファイル\System</Filter>
    </ClInclude>
    <ClInclude Include="model.h">
      <Filter>ソースファイル\System</Filter>
    </ClInclude>
    <ClInclude Include="SpeedMeterUi.h">
      <Filter>ソースファイル\GameObject\Ui</Filter>
    </ClInclude>
    <ClInclude Include="ChageUi.h">
      <Filter>ソースファイル\GameObject\Ui</Filter>
    </ClInclude>
    <ClInclude Include="TimeUi.h">
      <Filter>ソースファイル\GameObject\Ui</Filter>
    </ClInclude>
    <ClInclude Include="EnemyCountUi.h">
      <Filter>ソースファイル\GameObject\Ui</Filter>
    </ClInclude>
    <ClInclude Include="EnemyGoalUi.h">
      <Filter>ソースファイル\GameObject\Ui</Filter>
    </ClInclude>
    <ClInclude Include="DashUi.h">
      <Filter>ソースファイル\GameObject\Ui</Filter>
    </ClInclude>
    <ClInclude Include="GoalCountUi.h">
      <Filter>ソースファイル\GameObject\Ui</Filter>
    </ClInclude>
    <ClInclude Include="MeterUi.h">
      <Filter>ソースファイル\GameObject\Ui</Filter>
    </ClInclude>
    <ClInclude Include="GoalUI.h">
      <Filter>ソースファイル\GameObject\Ui</Filter>
    </ClInclude>
    <ClInclude Include="ItemFrameUi.h">
      <Filter>ソースファイル\GameObject\Ui</Filter>
    </ClInclude>
    <ClInclude Include="ResultUi.h">
      <Filter>ソースファイル\GameObject\Ui</Filter>
    </ClInclude>
    <ClInclude Include="ThunderUi.h">
      <Filter>ソースファイル\GameObject\Ui</Filter>
    </ClInclude>
    <ClInclude Include="TimeCountUi.h">
      <Filter>ソースファイル\GameObject\Ui</Filter>
    </ClInclude>
    <ClInclude Include="SelectUi.h">
      <Filter>ソースファイル\GameObject\Ui</Filter>
    </ClInclude>
    <ClInclude Include="SelectUi2.h">
      <Filter>ソースファイル\GameObject\Ui</Filter>
    </ClInclude>
    <ClInclude Include="ItemUi.h">
      <Filter>ソースファイル\GameObject\Ui</Filter>
    </ClInclude>
    <ClInclude Include="camera.h">
      <Filter>ソースファイル\System</Filter>
    </ClInclude>
    <ClInclude Include="renderer.h">
      <Filter>ソースファイル\System</Filter>
    </ClInclude>
    <ClInclude Include="Scene.h">
      <Filter>ソースファイル\GameObject\Scene</Filter>
    </ClInclude>
    <ClInclude Include="Result.h">
      <Filter>ソースファイル\GameObject\Scene\GameScene\Result</Filter>
    </ClInclude>
    <ClInclude Include="GameOverCursor.h">
      <Filter>ソースファイル\GameObject\Scene\GameScene\GameOver</Filter>
    </ClInclude>
    <ClInclude Include="ResultCursor.h">
      <Filter>ソースファイル\GameObject\Scene\GameScene\Result</Filter>
    </ClInclude>
    <ClInclude Include="StageSelct.h">
      <Filter>ソースファイル\GameObject\Scene\GameScene\StageSelect</Filter>
    </ClInclude>
    <ClInclude Include="StageSelctBg.h">
      <Filter>ソースファイル\GameObject\Scene\GameScene\StageSelect</Filter>
    </ClInclude>
    <ClInclude Include="Title.h">
      <Filter>ソースファイル\GameObject\Scene\GameScene\Title</Filter>
    </ClInclude>
    <ClInclude Include="TitleFrame.h">
      <Filter>ソースファイル\GameObject\Scene\GameScene\Title</Filter>
    </ClInclude>
    <ClInclude Include="TitleLogo.h">
      <Filter>ソースファイル\GameObject\Scene\GameScene\Title</Filter>
    </ClInclude>
    <ClInclude Include="Stage1GameOver.h">
      <Filter>ソースファイル\GameObject\Scene\GameScene\GameOver</Filter>
    </ClInclude>
    <ClInclude Include="Stage1GameOverBg.h">
      <Filter>ソースファイル\GameObject\Scene\GameScene\GameOver</Filter>
    </ClInclude>
    <ClInclude Include="Stage2GameOver.h">
      <Filter>ソースファイル\GameObject\Scene\GameScene\GameOver</Filter>
    </ClInclude>
    <ClInclude Include="Stage2GameOverBg.h">
      <Filter>ソースファイル\GameObject\Scene\GameScene\GameOver</Filter>
    </ClInclude>
    <ClInclude Include="Banana.h">
      <Filter>ソースファイル\GameObject</Filter>
    </ClInclude>
    <ClInclude Include="Item.h">
      <Filter>ソースファイル\GameObject\Item</Filter>
    </ClInclude>
    <ClInclude Include="ItemStage1.h">
      <Filter>ソースファイル\GameObject\Item</Filter>
    </ClInclude>
    <ClInclude Include="Koura.h">
      <Filter>ソースファイル\GameObject\Item</Filter>
    </ClInclude>
    <ClInclude Include="Thunder.h">
      <Filter>ソースファイル\GameObject\Item</Filter>
    </ClInclude>
    <ClInclude Include="Player.h">
      <Filter>ソースファイル\GameObject\Player</Filter>
    </ClInclude>
    <ClInclude Include="Stage1.h">
      <Filter>ソースファイル\GameObject\Scene\GameScene\Game</Filter>
    </ClInclude>
    <ClInclude Include="Stage2.h">
      <Filter>ソースファイル\GameObject\Scene\GameScene\Game</Filter>
    </ClInclude>
    <ClInclude Include="Explanation.h">
      <Filter>ソースファイル\GameObject\Scene\GameScene\Explanation</Filter>
    </ClInclude>
    <ClInclude Include="ExplanationBg.h">
      <Filter>ソースファイル\GameObject\Scene\GameScene\Explanation</Filter>
    </ClInclude>
    <ClInclude Include="BlockEnemy.h">
      <Filter>ソースファイル\GameObject\Enemy</Filter>
    </ClInclude>
    <ClInclude Include="CarEnemy.h">
      <Filter>ソースファイル\GameObject\Enemy</Filter>
    </ClInclude>
    <ClInclude Include="Enemy.h">
      <Filter>ソースファイル\GameObject\Enemy</Filter>
    </ClInclude>
    <ClInclude Include="FailEnemy.h">
      <Filter>ソースファイル\GameObject\Enemy</Filter>
    </ClInclude>
    <ClInclude Include="DashEffect.h">
      <Filter>ソースファイル\GameObject\Effect</Filter>
    </ClInclude>
    <ClInclude Include="Explosion.h">
      <Filter>ソースファイル\GameObject\Effect</Filter>
    </ClInclude>
    <ClInclude Include="SelectCursor.h">
      <Filter>ソースファイル\GameObject\Ui</Filter>
    </ClInclude>
  </ItemGroup>
  <ItemGroup>
    <FxCompile Include="common.hlsl">
      <Filter>ソースファイル\Shader</Filter>
    </FxCompile>
    <FxCompile Include="vertexLightingPS.hlsl">
      <Filter>ソースファイル\Shader</Filter>
    </FxCompile>
    <FxCompile Include="vertexLightingVS.hlsl">
      <Filter>ソースファイル\Shader</Filter>
    </FxCompile>
    <FxCompile Include="unlitTexturePS.hlsl">
      <Filter>ソースファイル\Shader</Filter>
    </FxCompile>
    <FxCompile Include="unlitTextureVS.hlsl">
      <Filter>ソースファイル\Shader</Filter>
    </FxCompile>
    <FxCompile Include="NormalMappingVS.hlsl">
      <Filter>ソースファイル\Shader</Filter>
    </FxCompile>
    <FxCompile Include="NormalMappingPS.hlsl">
      <Filter>ソースファイル\Shader</Filter>
    </FxCompile>
  </ItemGroup>
</Project>